<?xml version="1.0" encoding="utf-8"?>
<Project ToolsVersion="4.0" xmlns="http://schemas.microsoft.com/developer/msbuild/2003">
  <ItemGroup>
    <Filter Include="Include">
      <UniqueIdentifier>{9ec6f17a-cd6a-4492-87c3-62bd2ec5a4e1}</UniqueIdentifier>
    </Filter>
    <Filter Include="Include\core">
      <UniqueIdentifier>{b3bd9056-ca2c-4590-9dc1-970b1e3411f0}</UniqueIdentifier>
    </Filter>
    <Filter Include="Include\widgets">
      <UniqueIdentifier>{89f14e96-052d-4b83-a4aa-2f44adc111d8}</UniqueIdentifier>
    </Filter>
    <Filter Include="Include\core\tools">
      <UniqueIdentifier>{7cc6eff6-3326-452b-83d0-2a0854476480}</UniqueIdentifier>
    </Filter>
  </ItemGroup>
  <ItemGroup>
    <ClInclude Include="..\include\mvcgui\core\tools\traits.h">
      <Filter>Include\core\tools</Filter>
    </ClInclude>
    <ClInclude Include="..\include\mvcgui\core\object.h">
      <Filter>Include\core</Filter>
    </ClInclude>
    <ClInclude Include="..\include\mvcgui\core\object_impl.h">
      <Filter>Include\core</Filter>
    </ClInclude>
    <ClInclude Include="core\object_p.h" />
    <ClInclude Include="core\object_p_p.h" />
  </ItemGroup>
</Project>